// !$*UTF8*$!
{
	archiveVersion = 1;
	classes = {
	};
	objectVersion = 55;
	objects = {

/* Begin PBXBuildFile section */
		E105FFBC2782E03000C6B73B /* CinnamonApp.swift in Sources */ = {isa = PBXBuildFile; fileRef = E105FFBB2782E03000C6B73B /* CinnamonApp.swift */; };
		E105FFBE2782E03000C6B73B /* SignInUpView.swift in Sources */ = {isa = PBXBuildFile; fileRef = E105FFBD2782E03000C6B73B /* SignInUpView.swift */; };
		E105FFC02782E03200C6B73B /* Assets.xcassets in Resources */ = {isa = PBXBuildFile; fileRef = E105FFBF2782E03200C6B73B /* Assets.xcassets */; };
		E105FFC32782E03200C6B73B /* Preview Assets.xcassets in Resources */ = {isa = PBXBuildFile; fileRef = E105FFC22782E03200C6B73B /* Preview Assets.xcassets */; };
		E105FFC52782E03200C6B73B /* Persistence.swift in Sources */ = {isa = PBXBuildFile; fileRef = E105FFC42782E03200C6B73B /* Persistence.swift */; };
		E105FFC82782E03200C6B73B /* Cinnamon.xcdatamodeld in Sources */ = {isa = PBXBuildFile; fileRef = E105FFC62782E03200C6B73B /* Cinnamon.xcdatamodeld */; };
		E105FFD22782E03200C6B73B /* CinnamonTests.swift in Sources */ = {isa = PBXBuildFile; fileRef = E105FFD12782E03200C6B73B /* CinnamonTests.swift */; };
		E105FFDC2782E03200C6B73B /* CinnamonUITests.swift in Sources */ = {isa = PBXBuildFile; fileRef = E105FFDB2782E03200C6B73B /* CinnamonUITests.swift */; };
		E105FFDE2782E03200C6B73B /* CinnamonUITestsLaunchTests.swift in Sources */ = {isa = PBXBuildFile; fileRef = E105FFDD2782E03200C6B73B /* CinnamonUITestsLaunchTests.swift */; };
		E10CF67B27D9CA25006AA340 /* View.swift in Sources */ = {isa = PBXBuildFile; fileRef = E10CF67A27D9CA25006AA340 /* View.swift */; };
		E10CF67F27D9CDCA006AA340 /* MainTabView.swift in Sources */ = {isa = PBXBuildFile; fileRef = E10CF67E27D9CDCA006AA340 /* MainTabView.swift */; };
		E10CF68127D9D300006AA340 /* ExtractRecipe.swift in Sources */ = {isa = PBXBuildFile; fileRef = E10CF68027D9D300006AA340 /* ExtractRecipe.swift */; };
		E10CF68427D9DD6E006AA340 /* ExtractRecipeListView.swift in Sources */ = {isa = PBXBuildFile; fileRef = E10CF68327D9DD6E006AA340 /* ExtractRecipeListView.swift */; };
		E10CF68827D9DF1B006AA340 /* ExtractRecipeListCell.swift in Sources */ = {isa = PBXBuildFile; fileRef = E10CF68727D9DF1B006AA340 /* ExtractRecipeListCell.swift */; };
		E10CF68A27D9E681006AA340 /* Int.swift in Sources */ = {isa = PBXBuildFile; fileRef = E10CF68927D9E681006AA340 /* Int.swift */; };
		E1189E2B27BC88200005E590 /* GoogleService-Info.plist in Resources */ = {isa = PBXBuildFile; fileRef = E1189E2A27BC88200005E590 /* GoogleService-Info.plist */; };
		E1189E2E27BC886A0005E590 /* FirebaseAnalytics in Frameworks */ = {isa = PBXBuildFile; productRef = E1189E2D27BC886A0005E590 /* FirebaseAnalytics */; };
		E1189E3027BC886A0005E590 /* FirebaseAuth in Frameworks */ = {isa = PBXBuildFile; productRef = E1189E2F27BC886A0005E590 /* FirebaseAuth */; };
		E1189E3227BC886A0005E590 /* FirebaseDatabase in Frameworks */ = {isa = PBXBuildFile; productRef = E1189E3127BC886A0005E590 /* FirebaseDatabase */; };
		E1189E3427BC886A0005E590 /* FirebaseFirestore in Frameworks */ = {isa = PBXBuildFile; productRef = E1189E3327BC886A0005E590 /* FirebaseFirestore */; };
		E1189E3627BC886A0005E590 /* FirebaseStorage in Frameworks */ = {isa = PBXBuildFile; productRef = E1189E3527BC886A0005E590 /* FirebaseStorage */; };
		E1189E3A27BC94970005E590 /* SignInUpViewModel.swift in Sources */ = {isa = PBXBuildFile; fileRef = E1189E3927BC94970005E590 /* SignInUpViewModel.swift */; };
		E121C73B27E1C9CE0036436D /* ExtractRecipeDetailViewModel.swift in Sources */ = {isa = PBXBuildFile; fileRef = E121C73A27E1C9CE0036436D /* ExtractRecipeDetailViewModel.swift */; };
		E126CE4C27BE5B1C00DB4CD3 /* SignInButtonView.swift in Sources */ = {isa = PBXBuildFile; fileRef = E126CE4B27BE5B1C00DB4CD3 /* SignInButtonView.swift */; };
		E12BED2027E07A740058E65A /* ExtractRecipeDetailView.swift in Sources */ = {isa = PBXBuildFile; fileRef = E12BED1F27E07A740058E65A /* ExtractRecipeDetailView.swift */; };
		E12BED2227E089F90058E65A /* ExtractRecipeDetailCell.swift in Sources */ = {isa = PBXBuildFile; fileRef = E12BED2127E089F90058E65A /* ExtractRecipeDetailCell.swift */; };
		E12E81D827BB9A8700EC6B76 /* SignInFieldView.swift in Sources */ = {isa = PBXBuildFile; fileRef = E12E81D727BB9A8700EC6B76 /* SignInFieldView.swift */; };
		E136F54E27BCAC7500FF49F0 /* AuthKey_MX4ZHMC3NL.p8 in Resources */ = {isa = PBXBuildFile; fileRef = E136F54D27BCAC7500FF49F0 /* AuthKey_MX4ZHMC3NL.p8 */; };
		E142D0CA27D5A46A00579C8F /* AccountSetupView.swift in Sources */ = {isa = PBXBuildFile; fileRef = E142D0C927D5A46A00579C8F /* AccountSetupView.swift */; };
		E142D0CD27D5B28900579C8F /* AccountSetupViewModel.swift in Sources */ = {isa = PBXBuildFile; fileRef = E142D0CC27D5B28900579C8F /* AccountSetupViewModel.swift */; };
		E142D0D027D5BCDA00579C8F /* CheckBoxView.swift in Sources */ = {isa = PBXBuildFile; fileRef = E142D0CF27D5BCDA00579C8F /* CheckBoxView.swift */; };
		E15A1AC227C780C500E6B679 /* SignUpView.swift in Sources */ = {isa = PBXBuildFile; fileRef = E15A1AC127C780C500E6B679 /* SignUpView.swift */; };
		E15A1AC427C780F700E6B679 /* SignUpViewModel.swift in Sources */ = {isa = PBXBuildFile; fileRef = E15A1AC327C780F700E6B679 /* SignUpViewModel.swift */; };
		E15D209527C484110088F06B /* GoogleSignIn in Frameworks */ = {isa = PBXBuildFile; productRef = E15D209427C484110088F06B /* GoogleSignIn */; };
		E160A54027E4CA4200762847 /* TimeConvertUtil.swift in Sources */ = {isa = PBXBuildFile; fileRef = E160A53F27E4CA4200762847 /* TimeConvertUtil.swift */; };
		E160A54227E5D3B200762847 /* MinuteSecondPicker.swift in Sources */ = {isa = PBXBuildFile; fileRef = E160A54127E5D3B200762847 /* MinuteSecondPicker.swift */; };
		E17B8F2227E7539C0010B7CF /* BottomPopupView.swift in Sources */ = {isa = PBXBuildFile; fileRef = E17B8F2127E7539C0010B7CF /* BottomPopupView.swift */; };
		E17B8F2927E9965C0010B7CF /* ExtractRecipeDetailCellViewModel.swift in Sources */ = {isa = PBXBuildFile; fileRef = E17B8F2827E9965C0010B7CF /* ExtractRecipeDetailCellViewModel.swift */; };
		E17B8F3827EAF9260010B7CF /* ExtractRecipeRepository.swift in Sources */ = {isa = PBXBuildFile; fileRef = E17B8F3727EAF9260010B7CF /* ExtractRecipeRepository.swift */; };
		E17B8F3A27EAFD340010B7CF /* ExtractRecipeListUseCase.swift in Sources */ = {isa = PBXBuildFile; fileRef = E17B8F3927EAFD340010B7CF /* ExtractRecipeListUseCase.swift */; };
		E1C9287627DB097B00CD35CA /* ExtractRecipeListViewModel.swift in Sources */ = {isa = PBXBuildFile; fileRef = E1C9287527DB097B00CD35CA /* ExtractRecipeListViewModel.swift */; };
		E1D0492C27BB88C00074A9EC /* SignInButtonStackView.swift in Sources */ = {isa = PBXBuildFile; fileRef = E1D0492B27BB88C00074A9EC /* SignInButtonStackView.swift */; };
/* End PBXBuildFile section */

/* Begin PBXContainerItemProxy section */
		E105FFCE2782E03200C6B73B /* PBXContainerItemProxy */ = {
			isa = PBXContainerItemProxy;
			containerPortal = E105FFB02782E03000C6B73B /* Project object */;
			proxyType = 1;
			remoteGlobalIDString = E105FFB72782E03000C6B73B;
			remoteInfo = Cinnamon;
		};
		E105FFD82782E03200C6B73B /* PBXContainerItemProxy */ = {
			isa = PBXContainerItemProxy;
			containerPortal = E105FFB02782E03000C6B73B /* Project object */;
			proxyType = 1;
			remoteGlobalIDString = E105FFB72782E03000C6B73B;
			remoteInfo = Cinnamon;
		};
/* End PBXContainerItemProxy section */

/* Begin PBXFileReference section */
		E105FFB82782E03000C6B73B /* Cinnamon.app */ = {isa = PBXFileReference; explicitFileType = wrapper.application; includeInIndex = 0; path = Cinnamon.app; sourceTree = BUILT_PRODUCTS_DIR; };
		E105FFBB2782E03000C6B73B /* CinnamonApp.swift */ = {isa = PBXFileReference; lastKnownFileType = sourcecode.swift; path = CinnamonApp.swift; sourceTree = "<group>"; };
		E105FFBD2782E03000C6B73B /* SignInUpView.swift */ = {isa = PBXFileReference; lastKnownFileType = sourcecode.swift; path = SignInUpView.swift; sourceTree = "<group>"; };
		E105FFBF2782E03200C6B73B /* Assets.xcassets */ = {isa = PBXFileReference; lastKnownFileType = folder.assetcatalog; path = Assets.xcassets; sourceTree = "<group>"; };
		E105FFC22782E03200C6B73B /* Preview Assets.xcassets */ = {isa = PBXFileReference; lastKnownFileType = folder.assetcatalog; path = "Preview Assets.xcassets"; sourceTree = "<group>"; };
		E105FFC42782E03200C6B73B /* Persistence.swift */ = {isa = PBXFileReference; lastKnownFileType = sourcecode.swift; path = Persistence.swift; sourceTree = "<group>"; };
		E105FFC72782E03200C6B73B /* Cinnamon.xcdatamodel */ = {isa = PBXFileReference; lastKnownFileType = wrapper.xcdatamodel; path = Cinnamon.xcdatamodel; sourceTree = "<group>"; };
		E105FFCD2782E03200C6B73B /* CinnamonTests.xctest */ = {isa = PBXFileReference; explicitFileType = wrapper.cfbundle; includeInIndex = 0; path = CinnamonTests.xctest; sourceTree = BUILT_PRODUCTS_DIR; };
		E105FFD12782E03200C6B73B /* CinnamonTests.swift */ = {isa = PBXFileReference; lastKnownFileType = sourcecode.swift; path = CinnamonTests.swift; sourceTree = "<group>"; };
		E105FFD72782E03200C6B73B /* CinnamonUITests.xctest */ = {isa = PBXFileReference; explicitFileType = wrapper.cfbundle; includeInIndex = 0; path = CinnamonUITests.xctest; sourceTree = BUILT_PRODUCTS_DIR; };
		E105FFDB2782E03200C6B73B /* CinnamonUITests.swift */ = {isa = PBXFileReference; lastKnownFileType = sourcecode.swift; path = CinnamonUITests.swift; sourceTree = "<group>"; };
		E105FFDD2782E03200C6B73B /* CinnamonUITestsLaunchTests.swift */ = {isa = PBXFileReference; lastKnownFileType = sourcecode.swift; path = CinnamonUITestsLaunchTests.swift; sourceTree = "<group>"; };
		E10CF67A27D9CA25006AA340 /* View.swift */ = {isa = PBXFileReference; lastKnownFileType = sourcecode.swift; path = View.swift; sourceTree = "<group>"; };
		E10CF67E27D9CDCA006AA340 /* MainTabView.swift */ = {isa = PBXFileReference; lastKnownFileType = sourcecode.swift; path = MainTabView.swift; sourceTree = "<group>"; };
		E10CF68027D9D300006AA340 /* ExtractRecipe.swift */ = {isa = PBXFileReference; lastKnownFileType = sourcecode.swift; path = ExtractRecipe.swift; sourceTree = "<group>"; };
		E10CF68327D9DD6E006AA340 /* ExtractRecipeListView.swift */ = {isa = PBXFileReference; lastKnownFileType = sourcecode.swift; path = ExtractRecipeListView.swift; sourceTree = "<group>"; };
		E10CF68727D9DF1B006AA340 /* ExtractRecipeListCell.swift */ = {isa = PBXFileReference; lastKnownFileType = sourcecode.swift; path = ExtractRecipeListCell.swift; sourceTree = "<group>"; };
		E10CF68927D9E681006AA340 /* Int.swift */ = {isa = PBXFileReference; lastKnownFileType = sourcecode.swift; path = Int.swift; sourceTree = "<group>"; };
		E1189E2A27BC88200005E590 /* GoogleService-Info.plist */ = {isa = PBXFileReference; fileEncoding = 4; lastKnownFileType = text.plist.xml; path = "GoogleService-Info.plist"; sourceTree = "<group>"; };
		E1189E3927BC94970005E590 /* SignInUpViewModel.swift */ = {isa = PBXFileReference; lastKnownFileType = sourcecode.swift; path = SignInUpViewModel.swift; sourceTree = "<group>"; };
		E121C73A27E1C9CE0036436D /* ExtractRecipeDetailViewModel.swift */ = {isa = PBXFileReference; lastKnownFileType = sourcecode.swift; path = ExtractRecipeDetailViewModel.swift; sourceTree = "<group>"; };
		E126CE4B27BE5B1C00DB4CD3 /* SignInButtonView.swift */ = {isa = PBXFileReference; lastKnownFileType = sourcecode.swift; path = SignInButtonView.swift; sourceTree = "<group>"; };
		E12BED1F27E07A740058E65A /* ExtractRecipeDetailView.swift */ = {isa = PBXFileReference; lastKnownFileType = sourcecode.swift; path = ExtractRecipeDetailView.swift; sourceTree = "<group>"; };
		E12BED2127E089F90058E65A /* ExtractRecipeDetailCell.swift */ = {isa = PBXFileReference; lastKnownFileType = sourcecode.swift; path = ExtractRecipeDetailCell.swift; sourceTree = "<group>"; };
		E12E81D727BB9A8700EC6B76 /* SignInFieldView.swift */ = {isa = PBXFileReference; lastKnownFileType = sourcecode.swift; path = SignInFieldView.swift; sourceTree = "<group>"; };
		E136F54D27BCAC7500FF49F0 /* AuthKey_MX4ZHMC3NL.p8 */ = {isa = PBXFileReference; fileEncoding = 4; lastKnownFileType = text; path = AuthKey_MX4ZHMC3NL.p8; sourceTree = "<group>"; };
		E142D0C927D5A46A00579C8F /* AccountSetupView.swift */ = {isa = PBXFileReference; lastKnownFileType = sourcecode.swift; path = AccountSetupView.swift; sourceTree = "<group>"; };
		E142D0CC27D5B28900579C8F /* AccountSetupViewModel.swift */ = {isa = PBXFileReference; lastKnownFileType = sourcecode.swift; path = AccountSetupViewModel.swift; sourceTree = "<group>"; };
		E142D0CF27D5BCDA00579C8F /* CheckBoxView.swift */ = {isa = PBXFileReference; lastKnownFileType = sourcecode.swift; path = CheckBoxView.swift; sourceTree = "<group>"; };
		E15A1AC127C780C500E6B679 /* SignUpView.swift */ = {isa = PBXFileReference; lastKnownFileType = sourcecode.swift; path = SignUpView.swift; sourceTree = "<group>"; };
		E15A1AC327C780F700E6B679 /* SignUpViewModel.swift */ = {isa = PBXFileReference; lastKnownFileType = sourcecode.swift; path = SignUpViewModel.swift; sourceTree = "<group>"; };
		E15D209627C485490088F06B /* Info.plist */ = {isa = PBXFileReference; lastKnownFileType = text.plist.xml; path = Info.plist; sourceTree = "<group>"; };
		E160A53F27E4CA4200762847 /* TimeConvertUtil.swift */ = {isa = PBXFileReference; lastKnownFileType = sourcecode.swift; path = TimeConvertUtil.swift; sourceTree = "<group>"; };
		E160A54127E5D3B200762847 /* MinuteSecondPicker.swift */ = {isa = PBXFileReference; lastKnownFileType = sourcecode.swift; path = MinuteSecondPicker.swift; sourceTree = "<group>"; };
		E17B8F2127E7539C0010B7CF /* BottomPopupView.swift */ = {isa = PBXFileReference; lastKnownFileType = sourcecode.swift; path = BottomPopupView.swift; sourceTree = "<group>"; };
		E17B8F2827E9965C0010B7CF /* ExtractRecipeDetailCellViewModel.swift */ = {isa = PBXFileReference; lastKnownFileType = sourcecode.swift; path = ExtractRecipeDetailCellViewModel.swift; sourceTree = "<group>"; };
		E17B8F3727EAF9260010B7CF /* ExtractRecipeRepository.swift */ = {isa = PBXFileReference; lastKnownFileType = sourcecode.swift; path = ExtractRecipeRepository.swift; sourceTree = "<group>"; };
		E17B8F3927EAFD340010B7CF /* ExtractRecipeListUseCase.swift */ = {isa = PBXFileReference; lastKnownFileType = sourcecode.swift; path = ExtractRecipeListUseCase.swift; sourceTree = "<group>"; };
		E1C9287527DB097B00CD35CA /* ExtractRecipeListViewModel.swift */ = {isa = PBXFileReference; lastKnownFileType = sourcecode.swift; path = ExtractRecipeListViewModel.swift; sourceTree = "<group>"; };
		E1D0492B27BB88C00074A9EC /* SignInButtonStackView.swift */ = {isa = PBXFileReference; lastKnownFileType = sourcecode.swift; path = SignInButtonStackView.swift; sourceTree = "<group>"; };
		E1F0B71527BCA26E0058EBED /* Cinnamon.entitlements */ = {isa = PBXFileReference; lastKnownFileType = text.plist.entitlements; path = Cinnamon.entitlements; sourceTree = "<group>"; };
/* End PBXFileReference section */

/* Begin PBXFrameworksBuildPhase section */
		E105FFB52782E03000C6B73B /* Frameworks */ = {
			isa = PBXFrameworksBuildPhase;
			buildActionMask = 2147483647;
			files = (
				E1189E3227BC886A0005E590 /* FirebaseDatabase in Frameworks */,
				E1189E3427BC886A0005E590 /* FirebaseFirestore in Frameworks */,
				E1189E2E27BC886A0005E590 /* FirebaseAnalytics in Frameworks */,
				E1189E3627BC886A0005E590 /* FirebaseStorage in Frameworks */,
				E1189E3027BC886A0005E590 /* FirebaseAuth in Frameworks */,
				E15D209527C484110088F06B /* GoogleSignIn in Frameworks */,
			);
			runOnlyForDeploymentPostprocessing = 0;
		};
		E105FFCA2782E03200C6B73B /* Frameworks */ = {
			isa = PBXFrameworksBuildPhase;
			buildActionMask = 2147483647;
			files = (
			);
			runOnlyForDeploymentPostprocessing = 0;
		};
		E105FFD42782E03200C6B73B /* Frameworks */ = {
			isa = PBXFrameworksBuildPhase;
			buildActionMask = 2147483647;
			files = (
			);
			runOnlyForDeploymentPostprocessing = 0;
		};
/* End PBXFrameworksBuildPhase section */

/* Begin PBXGroup section */
		E105FFAF2782E03000C6B73B = {
			isa = PBXGroup;
			children = (
				E105FFBA2782E03000C6B73B /* Cinnamon */,
				E105FFD02782E03200C6B73B /* CinnamonTests */,
				E105FFDA2782E03200C6B73B /* CinnamonUITests */,
				E105FFB92782E03000C6B73B /* Products */,
			);
			sourceTree = "<group>";
		};
		E105FFB92782E03000C6B73B /* Products */ = {
			isa = PBXGroup;
			children = (
				E105FFB82782E03000C6B73B /* Cinnamon.app */,
				E105FFCD2782E03200C6B73B /* CinnamonTests.xctest */,
				E105FFD72782E03200C6B73B /* CinnamonUITests.xctest */,
			);
			name = Products;
			sourceTree = "<group>";
		};
		E105FFBA2782E03000C6B73B /* Cinnamon */ = {
			isa = PBXGroup;
			children = (
				E1F0B71527BCA26E0058EBED /* Cinnamon.entitlements */,
				E17B8F3527EAF7CC0010B7CF /* Common */,
				E17B8F2D27EAF4220010B7CF /* Application */,
				E17B8F2A27EAF3860010B7CF /* Presentation */,
				E17B8F2B27EAF3A80010B7CF /* Domain */,
				E17B8F2C27EAF3AF0010B7CF /* Data */,
				E15D209627C485490088F06B /* Info.plist */,
				E105FFBF2782E03200C6B73B /* Assets.xcassets */,
				E105FFC42782E03200C6B73B /* Persistence.swift */,
				E1189E2A27BC88200005E590 /* GoogleService-Info.plist */,
				E136F54D27BCAC7500FF49F0 /* AuthKey_MX4ZHMC3NL.p8 */,
				E105FFC12782E03200C6B73B /* Preview Content */,
			);
			path = Cinnamon;
			sourceTree = "<group>";
		};
		E105FFC12782E03200C6B73B /* Preview Content */ = {
			isa = PBXGroup;
			children = (
				E105FFC22782E03200C6B73B /* Preview Assets.xcassets */,
			);
			path = "Preview Content";
			sourceTree = "<group>";
		};
		E105FFD02782E03200C6B73B /* CinnamonTests */ = {
			isa = PBXGroup;
			children = (
				E105FFD12782E03200C6B73B /* CinnamonTests.swift */,
			);
			path = CinnamonTests;
			sourceTree = "<group>";
		};
		E105FFDA2782E03200C6B73B /* CinnamonUITests */ = {
			isa = PBXGroup;
			children = (
				E105FFDB2782E03200C6B73B /* CinnamonUITests.swift */,
				E105FFDD2782E03200C6B73B /* CinnamonUITestsLaunchTests.swift */,
			);
			path = CinnamonUITests;
			sourceTree = "<group>";
		};
		E10CF67927D9CA04006AA340 /* Extensions */ = {
			isa = PBXGroup;
			children = (
				E10CF67A27D9CA25006AA340 /* View.swift */,
				E10CF68927D9E681006AA340 /* Int.swift */,
			);
			path = Extensions;
			sourceTree = "<group>";
		};
		E10CF67D27D9CDA7006AA340 /* Main */ = {
			isa = PBXGroup;
			children = (
				E10CF67E27D9CDCA006AA340 /* MainTabView.swift */,
			);
			path = Main;
			sourceTree = "<group>";
		};
		E10CF68227D9DD4D006AA340 /* View */ = {
			isa = PBXGroup;
			children = (
				E10CF68327D9DD6E006AA340 /* ExtractRecipeListView.swift */,
				E10CF68727D9DF1B006AA340 /* ExtractRecipeListCell.swift */,
				E12BED1F27E07A740058E65A /* ExtractRecipeDetailView.swift */,
				E12BED2127E089F90058E65A /* ExtractRecipeDetailCell.swift */,
			);
			path = View;
			sourceTree = "<group>";
		};
		E142D0CB27D5B26000579C8F /* ViewModel */ = {
			isa = PBXGroup;
			children = (
				E15A1AC327C780F700E6B679 /* SignUpViewModel.swift */,
				E1189E3927BC94970005E590 /* SignInUpViewModel.swift */,
				E142D0CC27D5B28900579C8F /* AccountSetupViewModel.swift */,
			);
			path = ViewModel;
			sourceTree = "<group>";
		};
		E142D0CE27D5BCBE00579C8F /* CustomViews */ = {
			isa = PBXGroup;
			children = (
				E142D0CF27D5BCDA00579C8F /* CheckBoxView.swift */,
				E160A54127E5D3B200762847 /* MinuteSecondPicker.swift */,
				E17B8F2127E7539C0010B7CF /* BottomPopupView.swift */,
			);
			path = CustomViews;
			sourceTree = "<group>";
		};
		E160A53E27E4CA2000762847 /* Utils */ = {
			isa = PBXGroup;
			children = (
				E160A53F27E4CA4200762847 /* TimeConvertUtil.swift */,
			);
			path = Utils;
			sourceTree = "<group>";
		};
		E17B8F2A27EAF3860010B7CF /* Presentation */ = {
			isa = PBXGroup;
			children = (
				E142D0CE27D5BCBE00579C8F /* CustomViews */,
				E10CF67D27D9CDA7006AA340 /* Main */,
				E17B8F2F27EAF4D80010B7CF /* SignInUp */,
				E17B8F2E27EAF4BC0010B7CF /* ExtractRecipe */,
			);
			path = Presentation;
			sourceTree = "<group>";
		};
		E17B8F2B27EAF3A80010B7CF /* Domain */ = {
			isa = PBXGroup;
			children = (
				E17B8F3427EAF70B0010B7CF /* UseCase */,
				E183A61627BB729300A29D8E /* Entity */,
			);
			path = Domain;
			sourceTree = "<group>";
		};
		E17B8F2C27EAF3AF0010B7CF /* Data */ = {
			isa = PBXGroup;
			children = (
				E17B8F3627EAF8BE0010B7CF /* Repository */,
			);
			path = Data;
			sourceTree = "<group>";
		};
		E17B8F2D27EAF4220010B7CF /* Application */ = {
			isa = PBXGroup;
			children = (
				E105FFBB2782E03000C6B73B /* CinnamonApp.swift */,
				E105FFC62782E03200C6B73B /* Cinnamon.xcdatamodeld */,
			);
			path = Application;
			sourceTree = "<group>";
		};
		E17B8F2E27EAF4BC0010B7CF /* ExtractRecipe */ = {
			isa = PBXGroup;
			children = (
				E10CF68227D9DD4D006AA340 /* View */,
				E1C9287427DB095700CD35CA /* ViewModel */,
			);
			path = ExtractRecipe;
			sourceTree = "<group>";
		};
		E17B8F2F27EAF4D80010B7CF /* SignInUp */ = {
			isa = PBXGroup;
			children = (
				E1D0492A27BB835B0074A9EC /* View */,
				E142D0CB27D5B26000579C8F /* ViewModel */,
			);
			path = SignInUp;
			sourceTree = "<group>";
		};
		E17B8F3427EAF70B0010B7CF /* UseCase */ = {
			isa = PBXGroup;
			children = (
				E17B8F3927EAFD340010B7CF /* ExtractRecipeListUseCase.swift */,
			);
			path = UseCase;
			sourceTree = "<group>";
		};
		E17B8F3527EAF7CC0010B7CF /* Common */ = {
			isa = PBXGroup;
			children = (
				E10CF67927D9CA04006AA340 /* Extensions */,
				E160A53E27E4CA2000762847 /* Utils */,
			);
			path = Common;
			sourceTree = "<group>";
		};
		E17B8F3627EAF8BE0010B7CF /* Repository */ = {
			isa = PBXGroup;
			children = (
				E17B8F3727EAF9260010B7CF /* ExtractRecipeRepository.swift */,
			);
			path = Repository;
			sourceTree = "<group>";
		};
		E183A61627BB729300A29D8E /* Entity */ = {
			isa = PBXGroup;
			children = (
				E10CF68027D9D300006AA340 /* ExtractRecipe.swift */,
			);
			path = Entity;
			sourceTree = "<group>";
		};
		E1C9287427DB095700CD35CA /* ViewModel */ = {
			isa = PBXGroup;
			children = (
				E1C9287527DB097B00CD35CA /* ExtractRecipeListViewModel.swift */,
				E121C73A27E1C9CE0036436D /* ExtractRecipeDetailViewModel.swift */,
				E17B8F2827E9965C0010B7CF /* ExtractRecipeDetailCellViewModel.swift */,
			);
			path = ViewModel;
			sourceTree = "<group>";
		};
		E1D0492A27BB835B0074A9EC /* View */ = {
			isa = PBXGroup;
			children = (
				E105FFBD2782E03000C6B73B /* SignInUpView.swift */,
				E1D0492B27BB88C00074A9EC /* SignInButtonStackView.swift */,
				E12E81D727BB9A8700EC6B76 /* SignInFieldView.swift */,
				E126CE4B27BE5B1C00DB4CD3 /* SignInButtonView.swift */,
				E15A1AC127C780C500E6B679 /* SignUpView.swift */,
				E142D0C927D5A46A00579C8F /* AccountSetupView.swift */,
			);
			path = View;
			sourceTree = "<group>";
		};
/* End PBXGroup section */

/* Begin PBXNativeTarget section */
		E105FFB72782E03000C6B73B /* Cinnamon */ = {
			isa = PBXNativeTarget;
			buildConfigurationList = E105FFE12782E03200C6B73B /* Build configuration list for PBXNativeTarget "Cinnamon" */;
			buildPhases = (
				E105FFB42782E03000C6B73B /* Sources */,
				E105FFB52782E03000C6B73B /* Frameworks */,
				E105FFB62782E03000C6B73B /* Resources */,
			);
			buildRules = (
			);
			dependencies = (
			);
			name = Cinnamon;
			packageProductDependencies = (
				E1189E2D27BC886A0005E590 /* FirebaseAnalytics */,
				E1189E2F27BC886A0005E590 /* FirebaseAuth */,
				E1189E3127BC886A0005E590 /* FirebaseDatabase */,
				E1189E3327BC886A0005E590 /* FirebaseFirestore */,
				E1189E3527BC886A0005E590 /* FirebaseStorage */,
				E15D209427C484110088F06B /* GoogleSignIn */,
			);
			productName = Cinnamon;
			productReference = E105FFB82782E03000C6B73B /* Cinnamon.app */;
			productType = "com.apple.product-type.application";
		};
		E105FFCC2782E03200C6B73B /* CinnamonTests */ = {
			isa = PBXNativeTarget;
			buildConfigurationList = E105FFE42782E03200C6B73B /* Build configuration list for PBXNativeTarget "CinnamonTests" */;
			buildPhases = (
				E105FFC92782E03200C6B73B /* Sources */,
				E105FFCA2782E03200C6B73B /* Frameworks */,
				E105FFCB2782E03200C6B73B /* Resources */,
			);
			buildRules = (
			);
			dependencies = (
				E105FFCF2782E03200C6B73B /* PBXTargetDependency */,
			);
			name = CinnamonTests;
			productName = CinnamonTests;
			productReference = E105FFCD2782E03200C6B73B /* CinnamonTests.xctest */;
			productType = "com.apple.product-type.bundle.unit-test";
		};
		E105FFD62782E03200C6B73B /* CinnamonUITests */ = {
			isa = PBXNativeTarget;
			buildConfigurationList = E105FFE72782E03200C6B73B /* Build configuration list for PBXNativeTarget "CinnamonUITests" */;
			buildPhases = (
				E105FFD32782E03200C6B73B /* Sources */,
				E105FFD42782E03200C6B73B /* Frameworks */,
				E105FFD52782E03200C6B73B /* Resources */,
			);
			buildRules = (
			);
			dependencies = (
				E105FFD92782E03200C6B73B /* PBXTargetDependency */,
			);
			name = CinnamonUITests;
			productName = CinnamonUITests;
			productReference = E105FFD72782E03200C6B73B /* CinnamonUITests.xctest */;
			productType = "com.apple.product-type.bundle.ui-testing";
		};
/* End PBXNativeTarget section */

/* Begin PBXProject section */
		E105FFB02782E03000C6B73B /* Project object */ = {
			isa = PBXProject;
			attributes = {
				BuildIndependentTargetsInParallel = 1;
				LastSwiftUpdateCheck = 1320;
				LastUpgradeCheck = 1320;
				TargetAttributes = {
					E105FFB72782E03000C6B73B = {
						CreatedOnToolsVersion = 13.2.1;
					};
					E105FFCC2782E03200C6B73B = {
						CreatedOnToolsVersion = 13.2.1;
						TestTargetID = E105FFB72782E03000C6B73B;
					};
					E105FFD62782E03200C6B73B = {
						CreatedOnToolsVersion = 13.2.1;
						TestTargetID = E105FFB72782E03000C6B73B;
					};
				};
			};
			buildConfigurationList = E105FFB32782E03000C6B73B /* Build configuration list for PBXProject "Cinnamon" */;
			compatibilityVersion = "Xcode 13.0";
			developmentRegion = en;
			hasScannedForEncodings = 0;
			knownRegions = (
				en,
				Base,
			);
			mainGroup = E105FFAF2782E03000C6B73B;
			packageReferences = (
				E1189E2C27BC886A0005E590 /* XCRemoteSwiftPackageReference "firebase-ios-sdk" */,
				E15D209327C484110088F06B /* XCRemoteSwiftPackageReference "GoogleSignIn-iOS" */,
			);
			productRefGroup = E105FFB92782E03000C6B73B /* Products */;
			projectDirPath = "";
			projectRoot = "";
			targets = (
				E105FFB72782E03000C6B73B /* Cinnamon */,
				E105FFCC2782E03200C6B73B /* CinnamonTests */,
				E105FFD62782E03200C6B73B /* CinnamonUITests */,
			);
		};
/* End PBXProject section */

/* Begin PBXResourcesBuildPhase section */
		E105FFB62782E03000C6B73B /* Resources */ = {
			isa = PBXResourcesBuildPhase;
			buildActionMask = 2147483647;
			files = (
				E105FFC32782E03200C6B73B /* Preview Assets.xcassets in Resources */,
				E136F54E27BCAC7500FF49F0 /* AuthKey_MX4ZHMC3NL.p8 in Resources */,
				E105FFC02782E03200C6B73B /* Assets.xcassets in Resources */,
				E1189E2B27BC88200005E590 /* GoogleService-Info.plist in Resources */,
			);
			runOnlyForDeploymentPostprocessing = 0;
		};
		E105FFCB2782E03200C6B73B /* Resources */ = {
			isa = PBXResourcesBuildPhase;
			buildActionMask = 2147483647;
			files = (
			);
			runOnlyForDeploymentPostprocessing = 0;
		};
		E105FFD52782E03200C6B73B /* Resources */ = {
			isa = PBXResourcesBuildPhase;
			buildActionMask = 2147483647;
			files = (
			);
			runOnlyForDeploymentPostprocessing = 0;
		};
/* End PBXResourcesBuildPhase section */

/* Begin PBXSourcesBuildPhase section */
		E105FFB42782E03000C6B73B /* Sources */ = {
			isa = PBXSourcesBuildPhase;
			buildActionMask = 2147483647;
			files = (
				E126CE4C27BE5B1C00DB4CD3 /* SignInButtonView.swift in Sources */,
				E10CF68A27D9E681006AA340 /* Int.swift in Sources */,
				E10CF68127D9D300006AA340 /* ExtractRecipe.swift in Sources */,
				E17B8F3827EAF9260010B7CF /* ExtractRecipeRepository.swift in Sources */,
				E105FFC82782E03200C6B73B /* Cinnamon.xcdatamodeld in Sources */,
				E1C9287627DB097B00CD35CA /* ExtractRecipeListViewModel.swift in Sources */,
				E15A1AC427C780F700E6B679 /* SignUpViewModel.swift in Sources */,
				E12BED2027E07A740058E65A /* ExtractRecipeDetailView.swift in Sources */,
				E142D0CA27D5A46A00579C8F /* AccountSetupView.swift in Sources */,
				E12E81D827BB9A8700EC6B76 /* SignInFieldView.swift in Sources */,
				E12BED2227E089F90058E65A /* ExtractRecipeDetailCell.swift in Sources */,
				E160A54227E5D3B200762847 /* MinuteSecondPicker.swift in Sources */,
				E105FFC52782E03200C6B73B /* Persistence.swift in Sources */,
				E160A54027E4CA4200762847 /* TimeConvertUtil.swift in Sources */,
				E1D0492C27BB88C00074A9EC /* SignInButtonStackView.swift in Sources */,
				E105FFBE2782E03000C6B73B /* SignInUpView.swift in Sources */,
				E17B8F2227E7539C0010B7CF /* BottomPopupView.swift in Sources */,
				E17B8F3A27EAFD340010B7CF /* ExtractRecipeListUseCase.swift in Sources */,
				E10CF68827D9DF1B006AA340 /* ExtractRecipeListCell.swift in Sources */,
				E17B8F2927E9965C0010B7CF /* ExtractRecipeDetailCellViewModel.swift in Sources */,
				E142D0CD27D5B28900579C8F /* AccountSetupViewModel.swift in Sources */,
				E10CF68427D9DD6E006AA340 /* ExtractRecipeListView.swift in Sources */,
				E121C73B27E1C9CE0036436D /* ExtractRecipeDetailViewModel.swift in Sources */,
				E105FFBC2782E03000C6B73B /* CinnamonApp.swift in Sources */,
				E142D0D027D5BCDA00579C8F /* CheckBoxView.swift in Sources */,
				E10CF67F27D9CDCA006AA340 /* MainTabView.swift in Sources */,
				E15A1AC227C780C500E6B679 /* SignUpView.swift in Sources */,
				E10CF67B27D9CA25006AA340 /* View.swift in Sources */,
				E1189E3A27BC94970005E590 /* SignInUpViewModel.swift in Sources */,
			);
			runOnlyForDeploymentPostprocessing = 0;
		};
		E105FFC92782E03200C6B73B /* Sources */ = {
			isa = PBXSourcesBuildPhase;
			buildActionMask = 2147483647;
			files = (
				E105FFD22782E03200C6B73B /* CinnamonTests.swift in Sources */,
			);
			runOnlyForDeploymentPostprocessing = 0;
		};
		E105FFD32782E03200C6B73B /* Sources */ = {
			isa = PBXSourcesBuildPhase;
			buildActionMask = 2147483647;
			files = (
				E105FFDE2782E03200C6B73B /* CinnamonUITestsLaunchTests.swift in Sources */,
				E105FFDC2782E03200C6B73B /* CinnamonUITests.swift in Sources */,
			);
			runOnlyForDeploymentPostprocessing = 0;
		};
/* End PBXSourcesBuildPhase section */

/* Begin PBXTargetDependency section */
		E105FFCF2782E03200C6B73B /* PBXTargetDependency */ = {
			isa = PBXTargetDependency;
			target = E105FFB72782E03000C6B73B /* Cinnamon */;
			targetProxy = E105FFCE2782E03200C6B73B /* PBXContainerItemProxy */;
		};
		E105FFD92782E03200C6B73B /* PBXTargetDependency */ = {
			isa = PBXTargetDependency;
			target = E105FFB72782E03000C6B73B /* Cinnamon */;
			targetProxy = E105FFD82782E03200C6B73B /* PBXContainerItemProxy */;
		};
/* End PBXTargetDependency section */

/* Begin XCBuildConfiguration section */
		E105FFDF2782E03200C6B73B /* Debug */ = {
			isa = XCBuildConfiguration;
			buildSettings = {
				ALWAYS_SEARCH_USER_PATHS = NO;
				CLANG_ANALYZER_NONNULL = YES;
				CLANG_ANALYZER_NUMBER_OBJECT_CONVERSION = YES_AGGRESSIVE;
				CLANG_CXX_LANGUAGE_STANDARD = "gnu++17";
				CLANG_CXX_LIBRARY = "libc++";
				CLANG_ENABLE_MODULES = YES;
				CLANG_ENABLE_OBJC_ARC = YES;
				CLANG_ENABLE_OBJC_WEAK = YES;
				CLANG_WARN_BLOCK_CAPTURE_AUTORELEASING = YES;
				CLANG_WARN_BOOL_CONVERSION = YES;
				CLANG_WARN_COMMA = YES;
				CLANG_WARN_CONSTANT_CONVERSION = YES;
				CLANG_WARN_DEPRECATED_OBJC_IMPLEMENTATIONS = YES;
				CLANG_WARN_DIRECT_OBJC_ISA_USAGE = YES_ERROR;
				CLANG_WARN_DOCUMENTATION_COMMENTS = YES;
				CLANG_WARN_EMPTY_BODY = YES;
				CLANG_WARN_ENUM_CONVERSION = YES;
				CLANG_WARN_INFINITE_RECURSION = YES;
				CLANG_WARN_INT_CONVERSION = YES;
				CLANG_WARN_NON_LITERAL_NULL_CONVERSION = YES;
				CLANG_WARN_OBJC_IMPLICIT_RETAIN_SELF = YES;
				CLANG_WARN_OBJC_LITERAL_CONVERSION = YES;
				CLANG_WARN_OBJC_ROOT_CLASS = YES_ERROR;
				CLANG_WARN_QUOTED_INCLUDE_IN_FRAMEWORK_HEADER = YES;
				CLANG_WARN_RANGE_LOOP_ANALYSIS = YES;
				CLANG_WARN_STRICT_PROTOTYPES = YES;
				CLANG_WARN_SUSPICIOUS_MOVE = YES;
				CLANG_WARN_UNGUARDED_AVAILABILITY = YES_AGGRESSIVE;
				CLANG_WARN_UNREACHABLE_CODE = YES;
				CLANG_WARN__DUPLICATE_METHOD_MATCH = YES;
				COPY_PHASE_STRIP = NO;
				DEBUG_INFORMATION_FORMAT = dwarf;
				ENABLE_STRICT_OBJC_MSGSEND = YES;
				ENABLE_TESTABILITY = YES;
				GCC_C_LANGUAGE_STANDARD = gnu11;
				GCC_DYNAMIC_NO_PIC = NO;
				GCC_NO_COMMON_BLOCKS = YES;
				GCC_OPTIMIZATION_LEVEL = 0;
				GCC_PREPROCESSOR_DEFINITIONS = (
					"DEBUG=1",
					"$(inherited)",
				);
				GCC_WARN_64_TO_32_BIT_CONVERSION = YES;
				GCC_WARN_ABOUT_RETURN_TYPE = YES_ERROR;
				GCC_WARN_UNDECLARED_SELECTOR = YES;
				GCC_WARN_UNINITIALIZED_AUTOS = YES_AGGRESSIVE;
				GCC_WARN_UNUSED_FUNCTION = YES;
				GCC_WARN_UNUSED_VARIABLE = YES;
				IPHONEOS_DEPLOYMENT_TARGET = 15.0;
				MTL_ENABLE_DEBUG_INFO = INCLUDE_SOURCE;
				MTL_FAST_MATH = YES;
				ONLY_ACTIVE_ARCH = YES;
				SDKROOT = iphoneos;
				SWIFT_ACTIVE_COMPILATION_CONDITIONS = DEBUG;
				SWIFT_OPTIMIZATION_LEVEL = "-Onone";
			};
			name = Debug;
		};
		E105FFE02782E03200C6B73B /* Release */ = {
			isa = XCBuildConfiguration;
			buildSettings = {
				ALWAYS_SEARCH_USER_PATHS = NO;
				CLANG_ANALYZER_NONNULL = YES;
				CLANG_ANALYZER_NUMBER_OBJECT_CONVERSION = YES_AGGRESSIVE;
				CLANG_CXX_LANGUAGE_STANDARD = "gnu++17";
				CLANG_CXX_LIBRARY = "libc++";
				CLANG_ENABLE_MODULES = YES;
				CLANG_ENABLE_OBJC_ARC = YES;
				CLANG_ENABLE_OBJC_WEAK = YES;
				CLANG_WARN_BLOCK_CAPTURE_AUTORELEASING = YES;
				CLANG_WARN_BOOL_CONVERSION = YES;
				CLANG_WARN_COMMA = YES;
				CLANG_WARN_CONSTANT_CONVERSION = YES;
				CLANG_WARN_DEPRECATED_OBJC_IMPLEMENTATIONS = YES;
				CLANG_WARN_DIRECT_OBJC_ISA_USAGE = YES_ERROR;
				CLANG_WARN_DOCUMENTATION_COMMENTS = YES;
				CLANG_WARN_EMPTY_BODY = YES;
				CLANG_WARN_ENUM_CONVERSION = YES;
				CLANG_WARN_INFINITE_RECURSION = YES;
				CLANG_WARN_INT_CONVERSION = YES;
				CLANG_WARN_NON_LITERAL_NULL_CONVERSION = YES;
				CLANG_WARN_OBJC_IMPLICIT_RETAIN_SELF = YES;
				CLANG_WARN_OBJC_LITERAL_CONVERSION = YES;
				CLANG_WARN_OBJC_ROOT_CLASS = YES_ERROR;
				CLANG_WARN_QUOTED_INCLUDE_IN_FRAMEWORK_HEADER = YES;
				CLANG_WARN_RANGE_LOOP_ANALYSIS = YES;
				CLANG_WARN_STRICT_PROTOTYPES = YES;
				CLANG_WARN_SUSPICIOUS_MOVE = YES;
				CLANG_WARN_UNGUARDED_AVAILABILITY = YES_AGGRESSIVE;
				CLANG_WARN_UNREACHABLE_CODE = YES;
				CLANG_WARN__DUPLICATE_METHOD_MATCH = YES;
				COPY_PHASE_STRIP = NO;
				DEBUG_INFORMATION_FORMAT = "dwarf-with-dsym";
				ENABLE_NS_ASSERTIONS = NO;
				ENABLE_STRICT_OBJC_MSGSEND = YES;
				GCC_C_LANGUAGE_STANDARD = gnu11;
				GCC_NO_COMMON_BLOCKS = YES;
				GCC_WARN_64_TO_32_BIT_CONVERSION = YES;
				GCC_WARN_ABOUT_RETURN_TYPE = YES_ERROR;
				GCC_WARN_UNDECLARED_SELECTOR = YES;
				GCC_WARN_UNINITIALIZED_AUTOS = YES_AGGRESSIVE;
				GCC_WARN_UNUSED_FUNCTION = YES;
				GCC_WARN_UNUSED_VARIABLE = YES;
				IPHONEOS_DEPLOYMENT_TARGET = 15.0;
				MTL_ENABLE_DEBUG_INFO = NO;
				MTL_FAST_MATH = YES;
				SDKROOT = iphoneos;
				SWIFT_COMPILATION_MODE = wholemodule;
				SWIFT_OPTIMIZATION_LEVEL = "-O";
				VALIDATE_PRODUCT = YES;
			};
			name = Release;
		};
		E105FFE22782E03200C6B73B /* Debug */ = {
			isa = XCBuildConfiguration;
			buildSettings = {
				ASSETCATALOG_COMPILER_APPICON_NAME = AppIcon;
				ASSETCATALOG_COMPILER_GLOBAL_ACCENT_COLOR_NAME = AccentColor;
				CODE_SIGN_ENTITLEMENTS = Cinnamon/Cinnamon.entitlements;
				CODE_SIGN_STYLE = Automatic;
				CURRENT_PROJECT_VERSION = 1;
				DEVELOPMENT_ASSET_PATHS = "\"Cinnamon/Preview Content\"";
				DEVELOPMENT_TEAM = TBWQTY9PVU;
				ENABLE_PREVIEWS = YES;
				GENERATE_INFOPLIST_FILE = YES;
				INFOPLIST_FILE = Cinnamon/Info.plist;
				INFOPLIST_KEY_UIApplicationSceneManifest_Generation = YES;
				INFOPLIST_KEY_UIApplicationSupportsIndirectInputEvents = YES;
				INFOPLIST_KEY_UILaunchScreen_Generation = YES;
				INFOPLIST_KEY_UISupportedInterfaceOrientations_iPad = "UIInterfaceOrientationPortrait UIInterfaceOrientationPortraitUpsideDown UIInterfaceOrientationLandscapeLeft UIInterfaceOrientationLandscapeRight";
				INFOPLIST_KEY_UISupportedInterfaceOrientations_iPhone = "UIInterfaceOrientationPortrait UIInterfaceOrientationLandscapeLeft UIInterfaceOrientationLandscapeRight";
				LD_RUNPATH_SEARCH_PATHS = (
					"$(inherited)",
					"@executable_path/Frameworks",
				);
				MARKETING_VERSION = 1.0;
				PRODUCT_BUNDLE_IDENTIFIER = MoNireu.Cinnamon;
				PRODUCT_NAME = "$(TARGET_NAME)";
				SWIFT_EMIT_LOC_STRINGS = YES;
				SWIFT_VERSION = 5.0;
				TARGETED_DEVICE_FAMILY = "1,2";
			};
			name = Debug;
		};
		E105FFE32782E03200C6B73B /* Release */ = {
			isa = XCBuildConfiguration;
			buildSettings = {
				ASSETCATALOG_COMPILER_APPICON_NAME = AppIcon;
				ASSETCATALOG_COMPILER_GLOBAL_ACCENT_COLOR_NAME = AccentColor;
				CODE_SIGN_ENTITLEMENTS = Cinnamon/Cinnamon.entitlements;
				CODE_SIGN_STYLE = Automatic;
				CURRENT_PROJECT_VERSION = 1;
				DEVELOPMENT_ASSET_PATHS = "\"Cinnamon/Preview Content\"";
				DEVELOPMENT_TEAM = TBWQTY9PVU;
				ENABLE_PREVIEWS = YES;
				GENERATE_INFOPLIST_FILE = YES;
				INFOPLIST_FILE = Cinnamon/Info.plist;
				INFOPLIST_KEY_UIApplicationSceneManifest_Generation = YES;
				INFOPLIST_KEY_UIApplicationSupportsIndirectInputEvents = YES;
				INFOPLIST_KEY_UILaunchScreen_Generation = YES;
				INFOPLIST_KEY_UISupportedInterfaceOrientations_iPad = "UIInterfaceOrientationPortrait UIInterfaceOrientationPortraitUpsideDown UIInterfaceOrientationLandscapeLeft UIInterfaceOrientationLandscapeRight";
				INFOPLIST_KEY_UISupportedInterfaceOrientations_iPhone = "UIInterfaceOrientationPortrait UIInterfaceOrientationLandscapeLeft UIInterfaceOrientationLandscapeRight";
				LD_RUNPATH_SEARCH_PATHS = (
					"$(inherited)",
					"@executable_path/Frameworks",
				);
				MARKETING_VERSION = 1.0;
				PRODUCT_BUNDLE_IDENTIFIER = MoNireu.Cinnamon;
				PRODUCT_NAME = "$(TARGET_NAME)";
				SWIFT_EMIT_LOC_STRINGS = YES;
				SWIFT_VERSION = 5.0;
				TARGETED_DEVICE_FAMILY = "1,2";
			};
			name = Release;
		};
		E105FFE52782E03200C6B73B /* Debug */ = {
			isa = XCBuildConfiguration;
			buildSettings = {
				ALWAYS_EMBED_SWIFT_STANDARD_LIBRARIES = YES;
				BUNDLE_LOADER = "$(TEST_HOST)";
				CODE_SIGN_STYLE = Automatic;
				CURRENT_PROJECT_VERSION = 1;
				DEVELOPMENT_TEAM = TBWQTY9PVU;
				GENERATE_INFOPLIST_FILE = YES;
				IPHONEOS_DEPLOYMENT_TARGET = 15.2;
				MARKETING_VERSION = 1.0;
				PRODUCT_BUNDLE_IDENTIFIER = MoNireu.CinnamonTests;
				PRODUCT_NAME = "$(TARGET_NAME)";
				SWIFT_EMIT_LOC_STRINGS = NO;
				SWIFT_VERSION = 5.0;
				TARGETED_DEVICE_FAMILY = "1,2";
				TEST_HOST = "$(BUILT_PRODUCTS_DIR)/Cinnamon.app/Cinnamon";
			};
			name = Debug;
		};
		E105FFE62782E03200C6B73B /* Release */ = {
			isa = XCBuildConfiguration;
			buildSettings = {
				ALWAYS_EMBED_SWIFT_STANDARD_LIBRARIES = YES;
				BUNDLE_LOADER = "$(TEST_HOST)";
				CODE_SIGN_STYLE = Automatic;
				CURRENT_PROJECT_VERSION = 1;
				DEVELOPMENT_TEAM = TBWQTY9PVU;
				GENERATE_INFOPLIST_FILE = YES;
				IPHONEOS_DEPLOYMENT_TARGET = 15.2;
				MARKETING_VERSION = 1.0;
				PRODUCT_BUNDLE_IDENTIFIER = MoNireu.CinnamonTests;
				PRODUCT_NAME = "$(TARGET_NAME)";
				SWIFT_EMIT_LOC_STRINGS = NO;
				SWIFT_VERSION = 5.0;
				TARGETED_DEVICE_FAMILY = "1,2";
				TEST_HOST = "$(BUILT_PRODUCTS_DIR)/Cinnamon.app/Cinnamon";
			};
			name = Release;
		};
		E105FFE82782E03200C6B73B /* Debug */ = {
			isa = XCBuildConfiguration;
			buildSettings = {
				ALWAYS_EMBED_SWIFT_STANDARD_LIBRARIES = YES;
				CODE_SIGN_STYLE = Automatic;
				CURRENT_PROJECT_VERSION = 1;
				DEVELOPMENT_TEAM = TBWQTY9PVU;
				GENERATE_INFOPLIST_FILE = YES;
				MARKETING_VERSION = 1.0;
				PRODUCT_BUNDLE_IDENTIFIER = MoNireu.CinnamonUITests;
				PRODUCT_NAME = "$(TARGET_NAME)";
				SWIFT_EMIT_LOC_STRINGS = NO;
				SWIFT_VERSION = 5.0;
				TARGETED_DEVICE_FAMILY = "1,2";
				TEST_TARGET_NAME = Cinnamon;
			};
			name = Debug;
		};
		E105FFE92782E03200C6B73B /* Release */ = {
			isa = XCBuildConfiguration;
			buildSettings = {
				ALWAYS_EMBED_SWIFT_STANDARD_LIBRARIES = YES;
				CODE_SIGN_STYLE = Automatic;
				CURRENT_PROJECT_VERSION = 1;
				DEVELOPMENT_TEAM = TBWQTY9PVU;
				GENERATE_INFOPLIST_FILE = YES;
				MARKETING_VERSION = 1.0;
				PRODUCT_BUNDLE_IDENTIFIER = MoNireu.CinnamonUITests;
				PRODUCT_NAME = "$(TARGET_NAME)";
				SWIFT_EMIT_LOC_STRINGS = NO;
				SWIFT_VERSION = 5.0;
				TARGETED_DEVICE_FAMILY = "1,2";
				TEST_TARGET_NAME = Cinnamon;
			};
			name = Release;
		};
/* End XCBuildConfiguration section */

/* Begin XCConfigurationList section */
		E105FFB32782E03000C6B73B /* Build configuration list for PBXProject "Cinnamon" */ = {
			isa = XCConfigurationList;
			buildConfigurations = (
				E105FFDF2782E03200C6B73B /* Debug */,
				E105FFE02782E03200C6B73B /* Release */,
			);
			defaultConfigurationIsVisible = 0;
			defaultConfigurationName = Release;
		};
		E105FFE12782E03200C6B73B /* Build configuration list for PBXNativeTarget "Cinnamon" */ = {
			isa = XCConfigurationList;
			buildConfigurations = (
				E105FFE22782E03200C6B73B /* Debug */,
				E105FFE32782E03200C6B73B /* Release */,
			);
			defaultConfigurationIsVisible = 0;
			defaultConfigurationName = Release;
		};
		E105FFE42782E03200C6B73B /* Build configuration list for PBXNativeTarget "CinnamonTests" */ = {
			isa = XCConfigurationList;
			buildConfigurations = (
				E105FFE52782E03200C6B73B /* Debug */,
				E105FFE62782E03200C6B73B /* Release */,
			);
			defaultConfigurationIsVisible = 0;
			defaultConfigurationName = Release;
		};
		E105FFE72782E03200C6B73B /* Build configuration list for PBXNativeTarget "CinnamonUITests" */ = {
			isa = XCConfigurationList;
			buildConfigurations = (
				E105FFE82782E03200C6B73B /* Debug */,
				E105FFE92782E03200C6B73B /* Release */,
			);
			defaultConfigurationIsVisible = 0;
			defaultConfigurationName = Release;
		};
/* End XCConfigurationList section */

/* Begin XCRemoteSwiftPackageReference section */
		E1189E2C27BC886A0005E590 /* XCRemoteSwiftPackageReference "firebase-ios-sdk" */ = {
			isa = XCRemoteSwiftPackageReference;
			repositoryURL = "https://github.com/firebase/firebase-ios-sdk";
			requirement = {
				kind = upToNextMinorVersion;
				minimumVersion = 8.9.0;
			};
		};
		E15D209327C484110088F06B /* XCRemoteSwiftPackageReference "GoogleSignIn-iOS" */ = {
			isa = XCRemoteSwiftPackageReference;
			repositoryURL = "https://github.com/google/GoogleSignIn-iOS.git";
			requirement = {
				kind = upToNextMajorVersion;
				minimumVersion = 6.0.0;
			};
		};
/* End XCRemoteSwiftPackageReference section */

/* Begin XCSwiftPackageProductDependency section */
		E1189E2D27BC886A0005E590 /* FirebaseAnalytics */ = {
			isa = XCSwiftPackageProductDependency;
			package = E1189E2C27BC886A0005E590 /* XCRemoteSwiftPackageReference "firebase-ios-sdk" */;
			productName = FirebaseAnalytics;
		};
		E1189E2F27BC886A0005E590 /* FirebaseAuth */ = {
			isa = XCSwiftPackageProductDependency;
			package = E1189E2C27BC886A0005E590 /* XCRemoteSwiftPackageReference "firebase-ios-sdk" */;
			productName = FirebaseAuth;
		};
		E1189E3127BC886A0005E590 /* FirebaseDatabase */ = {
			isa = XCSwiftPackageProductDependency;
			package = E1189E2C27BC886A0005E590 /* XCRemoteSwiftPackageReference "firebase-ios-sdk" */;
			productName = FirebaseDatabase;
		};
		E1189E3327BC886A0005E590 /* FirebaseFirestore */ = {
			isa = XCSwiftPackageProductDependency;
			package = E1189E2C27BC886A0005E590 /* XCRemoteSwiftPackageReference "firebase-ios-sdk" */;
			productName = FirebaseFirestore;
		};
		E1189E3527BC886A0005E590 /* FirebaseStorage */ = {
			isa = XCSwiftPackageProductDependency;
			package = E1189E2C27BC886A0005E590 /* XCRemoteSwiftPackageReference "firebase-ios-sdk" */;
			productName = FirebaseStorage;
		};
		E15D209427C484110088F06B /* GoogleSignIn */ = {
			isa = XCSwiftPackageProductDependency;
			package = E15D209327C484110088F06B /* XCRemoteSwiftPackageReference "GoogleSignIn-iOS" */;
			productName = GoogleSignIn;
		};
/* End XCSwiftPackageProductDependency section */

/* Begin XCVersionGroup section */
		E105FFC62782E03200C6B73B /* Cinnamon.xcdatamodeld */ = {
			isa = XCVersionGroup;
			children = (
				E105FFC72782E03200C6B73B /* Cinnamon.xcdatamodel */,
			);
			currentVersion = E105FFC72782E03200C6B73B /* Cinnamon.xcdatamodel */;
			path = Cinnamon.xcdatamodeld;
			sourceTree = "<group>";
			versionGroupType = wrapper.xcdatamodel;
		};
/* End XCVersionGroup section */
	};
	rootObject = E105FFB02782E03000C6B73B /* Project object */;
}
